
Microsoft Visual Studio Solution File, Format Version 12.00
# Visual Studio 14
VisualStudioVersion = 14.0.23107.0
MinimumVisualStudioVersion = 10.0.40219.1
Project("{8BC9CEB8-8B4A-11D0-8D11-00A0C91BC942}") = "CarSimulator", "CarSimulator\CarSimulator.vcxproj", "{7A445361-6214-420B-BBB7-0C49B5EB50DE}"
EndProject
Project("{8BC9CEB8-8B4A-11D0-8D11-00A0C91BC942}") = "CarSimulatorTests", "CarSimulatorTests\CarSimulatorTests.vcxproj", "{791E7A41-0329-4E3A-AA94-924A6DB4A442}"
EndProject
Global
	GlobalSection(SolutionConfigurationPlatforms) = preSolution
		Debug|x64 = Debug|x64
		Debug|x86 = Debug|x86
		Release|x64 = Release|x64
		Release|x86 = Release|x86
	EndGlobalSection
	GlobalSection(ProjectConfigurationPlatforms) = postSolution
		{7A445361-6214-420B-BBB7-0C49B5EB50DE}.Debug|x64.ActiveCfg = Debug|x64
		{7A445361-6214-420B-BBB7-0C49B5EB50DE}.Debug|x64.Build.0 = Debug|x64
		{7A445361-6214-420B-BBB7-0C49B5EB50DE}.Debug|x86.ActiveCfg = Debug|Win32
		{7A445361-6214-420B-BBB7-0C49B5EB50DE}.Debug|x86.Build.0 = Debug|Win32
		{7A445361-6214-420B-BBB7-0C49B5EB50DE}.Release|x64.ActiveCfg = Release|x64
		{7A445361-6214-420B-BBB7-0C49B5EB50DE}.Release|x64.Build.0 = Release|x64
		{7A445361-6214-420B-BBB7-0C49B5EB50DE}.Release|x86.ActiveCfg = Release|Win32
		{7A445361-6214-420B-BBB7-0C49B5EB50DE}.Release|x86.Build.0 = Release|Win32
		{791E7A41-0329-4E3A-AA94-924A6DB4A442}.Debug|x64.ActiveCfg = Debug|x64
		{791E7A41-0329-4E3A-AA94-924A6DB4A442}.Debug|x64.Build.0 = Debug|x64
		{791E7A41-0329-4E3A-AA94-924A6DB4A442}.Debug|x86.ActiveCfg = Debug|Win32
		{791E7A41-0329-4E3A-AA94-924A6DB4A442}.Debug|x86.Build.0 = Debug|Win32
		{791E7A41-0329-4E3A-AA94-924A6DB4A442}.Release|x64.ActiveCfg = Release|x64
		{791E7A41-0329-4E3A-AA94-924A6DB4A442}.Release|x64.Build.0 = Release|x64
		{791E7A41-0329-4E3A-AA94-924A6DB4A442}.Release|x86.ActiveCfg = Release|Win32
		{791E7A41-0329-4E3A-AA94-924A6DB4A442}.Release|x86.Build.0 = Release|Win32
	EndGlobalSection
	GlobalSection(SolutionProperties) = preSolution
		HideSolutionNode = FALSE
	EndGlobalSection
EndGlobal
